dependencies:
- name: common
  repository: oci://registry-1.docker.io/cloudpirates
  version: 2.2.0
- name: valkey
  repository: oci://registry-1.docker.io/cloudpirates
  version: 0.25.5
digest: sha256:1d1feb5795704478e68cb4267a5cf8fd42ff47ad68455dbd4848cc0ab01061f9
generated: "2026-08-14T20:58:28.92846355Z"
